// !$*UTF8*$!
{
	archiveVersion = 1;
	classes = {
	};
	objectVersion = 46;
	objects = {

/* Begin PBXBuildFile section */
		EA9B5550199C24BE00D59104 /* Cocoa.framework in Frameworks */ = {isa = PBXBuildFile; fileRef = EA9B554F199C24BE00D59104 /* Cocoa.framework */; };
		EA9B5584199C252900D59104 /* main.mm in Sources */ = {isa = PBXBuildFile; fileRef = EA9B5583199C252900D59104 /* main.mm */; };
		EA9B5586199C2EA300D59104 /* OpenGL.framework in Frameworks */ = {isa = PBXBuildFile; fileRef = EA9B5585199C2EA300D59104 /* OpenGL.framework */; };
		EA9B5588199C2EAA00D59104 /* QuartzCore.framework in Frameworks */ = {isa = PBXBuildFile; fileRef = EA9B5587199C2EAA00D59104 /* QuartzCore.framework */; };
/* End PBXBuildFile section */

/* Begin PBXFileReference section */
		EA9B554C199C24BE00D59104 /* MiniGL.app */ = {isa = PBXFileReference; explicitFileType = wrapper.application; includeInIndex = 0; path = MiniGL.app; sourceTree = BUILT_PRODUCTS_DIR; };
		EA9B554F199C24BE00D59104 /* Cocoa.framework */ = {isa = PBXFileReference; lastKnownFileType = wrapper.framework; name = Cocoa.framework; path = System/Library/Frameworks/Cocoa.framework; sourceTree = SDKROOT; };
		EA9B555D199C24BE00D59104 /* MiniGL-Prefix.pch */ = {isa = PBXFileReference; lastKnownFileType = sourcecode.c.h; path = "MiniGL-Prefix.pch"; sourceTree = "<group>"; };
		EA9B5583199C252900D59104 /* main.mm */ = {isa = PBXFileReference; fileEncoding = 4; lastKnownFileType = sourcecode.cpp.objcpp; path = main.mm; sourceTree = SOURCE_ROOT; };
		EA9B5585199C2EA300D59104 /* OpenGL.framework */ = {isa = PBXFileReference; lastKnownFileType = wrapper.framework; name = OpenGL.framework; path = System/Library/Frameworks/OpenGL.framework; sourceTree = SDKROOT; };
		EA9B5587199C2EAA00D59104 /* QuartzCore.framework */ = {isa = PBXFileReference; lastKnownFileType = wrapper.framework; name = QuartzCore.framework; path = System/Library/Frameworks/QuartzCore.framework; sourceTree = SDKROOT; };
		EAEEF82A199C315D00B944F8 /* MiniGL-Info.plist */ = {isa = PBXFileReference; fileEncoding = 4; lastKnownFileType = text.plist.xml; path = "MiniGL-Info.plist"; sourceTree = SOURCE_ROOT; };
/* End PBXFileReference section */

/* Begin PBXFrameworksBuildPhase section */
		EA9B5549199C24BE00D59104 /* Frameworks */ = {
			isa = PBXFrameworksBuildPhase;
			buildActionMask = 2147483647;
			files = (
				EA9B5588199C2EAA00D59104 /* QuartzCore.framework in Frameworks */,
				EA9B5586199C2EA300D59104 /* OpenGL.framework in Frameworks */,
				EA9B5550199C24BE00D59104 /* Cocoa.framework in Frameworks */,
			);
			runOnlyForDeploymentPostprocessing = 0;
		};
/* End PBXFrameworksBuildPhase section */

/* Begin PBXGroup section */
		EA9B5543199C24BE00D59104 = {
			isa = PBXGroup;
			children = (
				EA9B5555199C24BE00D59104 /* MiniGL */,
				EA9B554E199C24BE00D59104 /* Frameworks */,
				EA9B554D199C24BE00D59104 /* Products */,
			);
			sourceTree = "<group>";
		};
		EA9B554D199C24BE00D59104 /* Products */ = {
			isa = PBXGroup;
			children = (
				EA9B554C199C24BE00D59104 /* MiniGL.app */,
			);
			name = Products;
			sourceTree = "<group>";
		};
		EA9B554E199C24BE00D59104 /* Frameworks */ = {
			isa = PBXGroup;
			children = (
				EA9B5587199C2EAA00D59104 /* QuartzCore.framework */,
				EA9B5585199C2EA300D59104 /* OpenGL.framework */,
				EA9B554F199C24BE00D59104 /* Cocoa.framework */,
			);
			name = Frameworks;
			sourceTree = "<group>";
		};
		EA9B5555199C24BE00D59104 /* MiniGL */ = {
			isa = PBXGroup;
			children = (
				EA9B5583199C252900D59104 /* main.mm */,
				EA9B555D199C24BE00D59104 /* MiniGL-Prefix.pch */,
				EAEEF82A199C315D00B944F8 /* MiniGL-Info.plist */,
			);
			path = MiniGL;
			sourceTree = "<group>";
		};
/* End PBXGroup section */

/* Begin PBXNativeTarget section */
		EA9B554B199C24BE00D59104 /* MiniGL */ = {
			isa = PBXNativeTarget;
			buildConfigurationList = EA9B557D199C24BE00D59104 /* Build configuration list for PBXNativeTarget "MiniGL" */;
			buildPhases = (
				EA9B5548199C24BE00D59104 /* Sources */,
				EA9B5549199C24BE00D59104 /* Frameworks */,
				EA9B554A199C24BE00D59104 /* Resources */,
			);
			buildRules = (
			);
			dependencies = (
			);
			name = MiniGL;
			productName = MiniGL;
			productReference = EA9B554C199C24BE00D59104 /* MiniGL.app */;
			productType = "com.apple.product-type.application";
		};
/* End PBXNativeTarget section */

/* Begin PBXProject section */
		EA9B5544199C24BE00D59104 /* Project object */ = {
			isa = PBXProject;
			attributes = {
				CLASSPREFIX = LB;
				LastUpgradeCheck = 0710;
				ORGANIZATIONNAME = lobotony;
			};
			buildConfigurationList = EA9B5547199C24BE00D59104 /* Build configuration list for PBXProject "MiniGL" */;
			compatibilityVersion = "Xcode 3.2";
			developmentRegion = English;
			hasScannedForEncodings = 0;
			knownRegions = (
				en,
				Base,
			);
			mainGroup = EA9B5543199C24BE00D59104;
			productRefGroup = EA9B554D199C24BE00D59104 /* Products */;
			projectDirPath = "";
			projectRoot = "";
			targets = (
				EA9B554B199C24BE00D59104 /* MiniGL */,
			);
		};
/* End PBXProject section */

/* Begin PBXResourcesBuildPhase section */
		EA9B554A199C24BE00D59104 /* Resources */ = {
			isa = PBXResourcesBuildPhase;
			buildActionMask = 2147483647;
			files = (
			);
			runOnlyForDeploymentPostprocessing = 0;
		};
/* End PBXResourcesBuildPhase section */

/* Begin PBXSourcesBuildPhase section */
		EA9B5548199C24BE00D59104 /* Sources */ = {
			isa = PBXSourcesBuildPhase;
			buildActionMask = 2147483647;
			files = (
				EA9B5584199C252900D59104 /* main.mm in Sources */,
			);
			runOnlyForDeploymentPostprocessing = 0;
		};
/* End PBXSourcesBuildPhase section */

/* Begin XCBuildConfiguration section */
		EA9B557B199C24BE00D59104 /* Debug */ = {
			isa = XCBuildConfiguration;
			buildSettings = {
				ALWAYS_SEARCH_USER_PATHS = NO;
				CLANG_CXX_LANGUAGE_STANDARD = "gnu++0x";
				CLANG_CXX_LIBRARY = "libc++";
				CLANG_ENABLE_MODULES = YES;
				CLANG_ENABLE_OBJC_ARC = YES;
				CLANG_WARN_BOOL_CONVERSION = YES;
				CLANG_WARN_CONSTANT_CONVERSION = YES;
				CLANG_WARN_DIRECT_OBJC_ISA_USAGE = YES_ERROR;
				CLANG_WARN_EMPTY_BODY = YES;
				CLANG_WARN_ENUM_CONVERSION = YES;
				CLANG_WARN_INT_CONVERSION = YES;
				CLANG_WARN_OBJC_ROOT_CLASS = YES_ERROR;
				CLANG_WARN__DUPLICATE_METHOD_MATCH = YES;
				COPY_PHASE_STRIP = NO;
				ENABLE_TESTABILITY = YES;
				GCC_C_LANGUAGE_STANDARD = gnu99;
				GCC_DYNAMIC_NO_PIC = NO;
				GCC_ENABLE_OBJC_EXCEPTIONS = YES;
				GCC_OPTIMIZATION_LEVEL = 0;
				GCC_PREPROCESSOR_DEFINITIONS = (
					"DEBUG=1",
					"$(inherited)",
				);
				GCC_SYMBOLS_PRIVATE_EXTERN = NO;
				GCC_WARN_64_TO_32_BIT_CONVERSION = YES;
				GCC_WARN_ABOUT_RETURN_TYPE = YES_ERROR;
				GCC_WARN_UNDECLARED_SELECTOR = YES;
				GCC_WARN_UNINITIALIZED_AUTOS = YES_AGGRESSIVE;
				GCC_WARN_UNUSED_FUNCTION = YES;
				GCC_WARN_UNUSED_VARIABLE = YES;
				MACOSX_DEPLOYMENT_TARGET = 10.11;
				ONLY_ACTIVE_ARCH = YES;
				SDKROOT = macosx;
			};
			name = Debug;
		};
		EA9B557C199C24BE00D59104 /* Release */ = {
			isa = XCBuildConfiguration;
			buildSettings = {
				ALWAYS_SEARCH_USER_PATHS = NO;
				CLANG_CXX_LANGUAGE_STANDARD = "gnu++0x";
				CLANG_CXX_LIBRARY = "libc++";
				CLANG_ENABLE_MODULES = YES;
				CLANG_ENABLE_OBJC_ARC = YES;
				CLANG_WARN_BOOL_CONVERSION = YES;
				CLANG_WARN_CONSTANT_CONVERSION = YES;
				CLANG_WARN_DIRECT_OBJC_ISA_USAGE = YES_ERROR;
				CLANG_WARN_EMPTY_BODY = YES;
				CLANG_WARN_ENUM_CONVERSION = YES;
				CLANG_WARN_INT_CONVERSION = YES;
				CLANG_WARN_OBJC_ROOT_CLASS = YES_ERROR;
				CLANG_WARN__DUPLICATE_METHOD_MATCH = YES;
				COPY_PHASE_STRIP = YES;
				DEBUG_INFORMATION_FORMAT = "dwarf-with-dsym";
				ENABLE_NS_ASSERTIONS = NO;
				GCC_C_LANGUAGE_STANDARD = gnu99;
				GCC_ENABLE_OBJC_EXCEPTIONS = YES;
				GCC_WARN_64_TO_32_BIT_CONVERSION = YES;
				GCC_WARN_ABOUT_RETURN_TYPE = YES_ERROR;
				GCC_WARN_UNDECLARED_SELECTOR = YES;
				GCC_WARN_UNINITIALIZED_AUTOS = YES_AGGRESSIVE;
				GCC_WARN_UNUSED_FUNCTION = YES;
				GCC_WARN_UNUSED_VARIABLE = YES;
				MACOSX_DEPLOYMENT_TARGET = 10.11;
				SDKROOT = macosx;
			};
			name = Release;
		};
		EA9B557E199C24BE00D59104 /* Debug */ = {
			isa = XCBuildConfiguration;
			buildSettings = {
				ASSETCATALOG_COMPILER_APPICON_NAME = AppIcon;
				COMBINE_HIDPI_IMAGES = YES;
				GCC_PRECOMPILE_PREFIX_HEADER = YES;
				GCC_PREFIX_HEADER = "MiniGL-Prefix.pch";
				INFOPLIST_FILE = "MiniGL-Info.plist";
				PRODUCT_BUNDLE_IDENTIFIER = "lobotony.${PRODUCT_NAME:rfc1034identifier}";
				PRODUCT_NAME = "$(TARGET_NAME)";
				WRAPPER_EXTENSION = app;
			};
			name = Debug;
		};
		EA9B557F199C24BE00D59104 /* Release */ = {
			isa = XCBuildConfiguration;
			buildSettings = {
				ASSETCATALOG_COMPILER_APPICON_NAME = AppIcon;
				COMBINE_HIDPI_IMAGES = YES;
				GCC_PRECOMPILE_PREFIX_HEADER = YES;
				GCC_PREFIX_HEADER = "MiniGL-Prefix.pch";
				INFOPLIST_FILE = "MiniGL-Info.plist";
				PRODUCT_BUNDLE_IDENTIFIER = "lobotony.${PRODUCT_NAME:rfc1034identifier}";
				PRODUCT_NAME = "$(TARGET_NAME)";
				WRAPPER_EXTENSION = app;
			};
			name = Release;
		};
/* End XCBuildConfiguration section */

/* Begin XCConfigurationList section */
		EA9B5547199C24BE00D59104 /* Build configuration list for PBXProject "MiniGL" */ = {
			isa = XCConfigurationList;
			buildConfigurations = (
				EA9B557B199C24BE00D59104 /* Debug */,
				EA9B557C199C24BE00D59104 /* Release */,
			);
			defaultConfigurationIsVisible = 0;
			defaultConfigurationName = Release;
		};
		EA9B557D199C24BE00D59104 /* Build configuration list for PBXNativeTarget "MiniGL" */ = {
			isa = XCConfigurationList;
			buildConfigurations = (
				EA9B557E199C24BE00D59104 /* Debug */,
				EA9B557F199C24BE00D59104 /* Release */,
			);
			defaultConfigurationIsVisible = 0;
			defaultConfigurationName = Release;
		};
/* End XCConfigurationList section */
	};
	rootObject = EA9B5544199C24BE00D59104 /* Project object */;
}
